// !$*UTF8*$!
{
	archiveVersion = 1;
	classes = {
	};
	objectVersion = 50;
	objects = {

/* Begin PBXBuildFile section */
		866BFF79217B752A00B08B3C /* MemesCollectionVC.swift in Sources */ = {isa = PBXBuildFile; fileRef = 866BFF78217B752A00B08B3C /* MemesCollectionVC.swift */; };
		866BFF7B217B753800B08B3C /* MemesTableVC.swift in Sources */ = {isa = PBXBuildFile; fileRef = 866BFF7A217B753800B08B3C /* MemesTableVC.swift */; };
		866BFF83217BA64700B08B3C /* MemeCell.swift in Sources */ = {isa = PBXBuildFile; fileRef = 866BFF82217BA64700B08B3C /* MemeCell.swift */; };
		866BFF88217BA8C100B08B3C /* MemeEditorVC.swift in Sources */ = {isa = PBXBuildFile; fileRef = 866BFF87217BA8C100B08B3C /* MemeEditorVC.swift */; };
		868A3F042177E39B00FF1F56 /* AppDelegate.swift in Sources */ = {isa = PBXBuildFile; fileRef = 868A3F032177E39B00FF1F56 /* AppDelegate.swift */; };
		868A3F092177E39B00FF1F56 /* Main.storyboard in Resources */ = {isa = PBXBuildFile; fileRef = 868A3F072177E39B00FF1F56 /* Main.storyboard */; };
		868A3F0B2177E39C00FF1F56 /* Assets.xcassets in Resources */ = {isa = PBXBuildFile; fileRef = 868A3F0A2177E39C00FF1F56 /* Assets.xcassets */; };
		868A3F0E2177E39C00FF1F56 /* LaunchScreen.storyboard in Resources */ = {isa = PBXBuildFile; fileRef = 868A3F0C2177E39C00FF1F56 /* LaunchScreen.storyboard */; };
		868A3F1821793B7900FF1F56 /* Meme.swift in Sources */ = {isa = PBXBuildFile; fileRef = 868A3F1721793B7900FF1F56 /* Meme.swift */; };
		86A9DAE422B530F400E8F744 /* MemePreviewVC.swift in Sources */ = {isa = PBXBuildFile; fileRef = 86A9DAE322B530F400E8F744 /* MemePreviewVC.swift */; };
		86A9DAE622B53EBD00E8F744 /* UIViewControllerEx.swift in Sources */ = {isa = PBXBuildFile; fileRef = 86A9DAE522B53EBD00E8F744 /* UIViewControllerEx.swift */; };
/* End PBXBuildFile section */

/* Begin PBXFileReference section */
		866BFF78217B752A00B08B3C /* MemesCollectionVC.swift */ = {isa = PBXFileReference; lastKnownFileType = sourcecode.swift; path = MemesCollectionVC.swift; sourceTree = "<group>"; };
		866BFF7A217B753800B08B3C /* MemesTableVC.swift */ = {isa = PBXFileReference; lastKnownFileType = sourcecode.swift; path = MemesTableVC.swift; sourceTree = "<group>"; };
		866BFF82217BA64700B08B3C /* MemeCell.swift */ = {isa = PBXFileReference; lastKnownFileType = sourcecode.swift; path = MemeCell.swift; sourceTree = "<group>"; };
		866BFF87217BA8C100B08B3C /* MemeEditorVC.swift */ = {isa = PBXFileReference; fileEncoding = 4; lastKnownFileType = sourcecode.swift; path = MemeEditorVC.swift; sourceTree = "<group>"; };
		868A3F002177E39B00FF1F56 /* MemeMe.app */ = {isa = PBXFileReference; explicitFileType = wrapper.application; includeInIndex = 0; path = MemeMe.app; sourceTree = BUILT_PRODUCTS_DIR; };
		868A3F032177E39B00FF1F56 /* AppDelegate.swift */ = {isa = PBXFileReference; lastKnownFileType = sourcecode.swift; path = AppDelegate.swift; sourceTree = "<group>"; };
		868A3F082177E39B00FF1F56 /* Base */ = {isa = PBXFileReference; lastKnownFileType = file.storyboard; name = Base; path = Base.lproj/Main.storyboard; sourceTree = "<group>"; };
		868A3F0A2177E39C00FF1F56 /* Assets.xcassets */ = {isa = PBXFileReference; lastKnownFileType = folder.assetcatalog; path = Assets.xcassets; sourceTree = "<group>"; };
		868A3F0D2177E39C00FF1F56 /* Base */ = {isa = PBXFileReference; lastKnownFileType = file.storyboard; name = Base; path = Base.lproj/LaunchScreen.storyboard; sourceTree = "<group>"; };
		868A3F0F2177E39C00FF1F56 /* Info.plist */ = {isa = PBXFileReference; lastKnownFileType = text.plist.xml; path = Info.plist; sourceTree = "<group>"; };
		868A3F1721793B7900FF1F56 /* Meme.swift */ = {isa = PBXFileReference; lastKnownFileType = sourcecode.swift; path = Meme.swift; sourceTree = "<group>"; };
		86A9DAE322B530F400E8F744 /* MemePreviewVC.swift */ = {isa = PBXFileReference; lastKnownFileType = sourcecode.swift; path = MemePreviewVC.swift; sourceTree = "<group>"; };
		86A9DAE522B53EBD00E8F744 /* UIViewControllerEx.swift */ = {isa = PBXFileReference; lastKnownFileType = sourcecode.swift; path = UIViewControllerEx.swift; sourceTree = "<group>"; };
/* End PBXFileReference section */

/* Begin PBXFrameworksBuildPhase section */
		868A3EFD2177E39B00FF1F56 /* Frameworks */ = {
			isa = PBXFrameworksBuildPhase;
			buildActionMask = 2147483647;
			files = (
			);
			runOnlyForDeploymentPostprocessing = 0;
		};
/* End PBXFrameworksBuildPhase section */

/* Begin PBXGroup section */
		866BFF7E217B761F00B08B3C /* Controllers */ = {
			isa = PBXGroup;
			children = (
				866BFF87217BA8C100B08B3C /* MemeEditorVC.swift */,
				866BFF7A217B753800B08B3C /* MemesTableVC.swift */,
				866BFF78217B752A00B08B3C /* MemesCollectionVC.swift */,
				86A9DAE322B530F400E8F744 /* MemePreviewVC.swift */,
			);
			path = Controllers;
			sourceTree = "<group>";
		};
		866BFF7F217B763300B08B3C /* Models */ = {
			isa = PBXGroup;
			children = (
				868A3F1721793B7900FF1F56 /* Meme.swift */,
			);
			path = Models;
			sourceTree = "<group>";
		};
		866BFF81217B765100B08B3C /* Views */ = {
			isa = PBXGroup;
			children = (
				866BFF82217BA64700B08B3C /* MemeCell.swift */,
			);
			path = Views;
			sourceTree = "<group>";
		};
		868A3EF72177E39B00FF1F56 = {
			isa = PBXGroup;
			children = (
				868A3F022177E39B00FF1F56 /* MemeMe */,
				868A3F012177E39B00FF1F56 /* Products */,
			);
			sourceTree = "<group>";
		};
		868A3F012177E39B00FF1F56 /* Products */ = {
			isa = PBXGroup;
			children = (
				868A3F002177E39B00FF1F56 /* MemeMe.app */,
			);
			name = Products;
			sourceTree = "<group>";
		};
		868A3F022177E39B00FF1F56 /* MemeMe */ = {
			isa = PBXGroup;
			children = (
				868A3F032177E39B00FF1F56 /* AppDelegate.swift */,
				866BFF7F217B763300B08B3C /* Models */,
				866BFF81217B765100B08B3C /* Views */,
				866BFF7E217B761F00B08B3C /* Controllers */,
				86A9DAE722B5406E00E8F744 /* Storyboards */,
				86A9DAEA22B5409400E8F744 /* Extensions */,
				86A9DAEB22B540AB00E8F744 /* Resources */,
			);
			path = MemeMe;
			sourceTree = "<group>";
		};
		86A9DAE722B5406E00E8F744 /* Storyboards */ = {
			isa = PBXGroup;
			children = (
				868A3F072177E39B00FF1F56 /* Main.storyboard */,
				868A3F0C2177E39C00FF1F56 /* LaunchScreen.storyboard */,
			);
			path = Storyboards;
			sourceTree = "<group>";
		};
		86A9DAEA22B5409400E8F744 /* Extensions */ = {
			isa = PBXGroup;
			children = (
				86A9DAE522B53EBD00E8F744 /* UIViewControllerEx.swift */,
			);
			path = Extensions;
			sourceTree = "<group>";
		};
		86A9DAEB22B540AB00E8F744 /* Resources */ = {
			isa = PBXGroup;
			children = (
				868A3F0A2177E39C00FF1F56 /* Assets.xcassets */,
				868A3F0F2177E39C00FF1F56 /* Info.plist */,
			);
			path = Resources;
			sourceTree = "<group>";
		};
/* End PBXGroup section */

/* Begin PBXNativeTarget section */
		868A3EFF2177E39B00FF1F56 /* MemeMe */ = {
			isa = PBXNativeTarget;
			buildConfigurationList = 868A3F122177E39C00FF1F56 /* Build configuration list for PBXNativeTarget "MemeMe" */;
			buildPhases = (
				868A3EFC2177E39B00FF1F56 /* Sources */,
				868A3EFD2177E39B00FF1F56 /* Frameworks */,
				868A3EFE2177E39B00FF1F56 /* Resources */,
			);
			buildRules = (
			);
			dependencies = (
			);
			name = MemeMe;
			productName = MemeMe;
			productReference = 868A3F002177E39B00FF1F56 /* MemeMe.app */;
			productType = "com.apple.product-type.application";
		};
/* End PBXNativeTarget section */

/* Begin PBXProject section */
		868A3EF82177E39B00FF1F56 /* Project object */ = {
			isa = PBXProject;
			attributes = {
				LastSwiftUpdateCheck = 1000;
				LastUpgradeCheck = 1000;
				ORGANIZATIONNAME = Hadi;
				TargetAttributes = {
					868A3EFF2177E39B00FF1F56 = {
						CreatedOnToolsVersion = 10.0;
					};
				};
			};
			buildConfigurationList = 868A3EFB2177E39B00FF1F56 /* Build configuration list for PBXProject "MemeMe" */;
			compatibilityVersion = "Xcode 9.3";
			developmentRegion = en;
			hasScannedForEncodings = 0;
			knownRegions = (
				en,
				Base,
			);
			mainGroup = 868A3EF72177E39B00FF1F56;
			productRefGroup = 868A3F012177E39B00FF1F56 /* Products */;
			projectDirPath = "";
			projectRoot = "";
			targets = (
				868A3EFF2177E39B00FF1F56 /* MemeMe */,
			);
		};
/* End PBXProject section */

/* Begin PBXResourcesBuildPhase section */
		868A3EFE2177E39B00FF1F56 /* Resources */ = {
			isa = PBXResourcesBuildPhase;
			buildActionMask = 2147483647;
			files = (
				868A3F0E2177E39C00FF1F56 /* LaunchScreen.storyboard in Resources */,
				868A3F0B2177E39C00FF1F56 /* Assets.xcassets in Resources */,
				868A3F092177E39B00FF1F56 /* Main.storyboard in Resources */,
			);
			runOnlyForDeploymentPostprocessing = 0;
		};
/* End PBXResourcesBuildPhase section */

/* Begin PBXSourcesBuildPhase section */
		868A3EFC2177E39B00FF1F56 /* Sources */ = {
			isa = PBXSourcesBuildPhase;
			buildActionMask = 2147483647;
			files = (
				866BFF83217BA64700B08B3C /* MemeCell.swift in Sources */,
				86A9DAE422B530F400E8F744 /* MemePreviewVC.swift in Sources */,
				866BFF88217BA8C100B08B3C /* MemeEditorVC.swift in Sources */,
				868A3F1821793B7900FF1F56 /* Meme.swift in Sources */,
				866BFF79217B752A00B08B3C /* MemesCollectionVC.swift in Sources */,
				86A9DAE622B53EBD00E8F744 /* UIViewControllerEx.swift in Sources */,
				866BFF7B217B753800B08B3C /* MemesTableVC.swift in Sources */,
				868A3F042177E39B00FF1F56 /* AppDelegate.swift in Sources */,
			);
			runOnlyForDeploymentPostprocessing = 0;
		};
/* End PBXSourcesBuildPhase section */

/* Begin PBXVariantGroup section */
		868A3F072177E39B00FF1F56 /* Main.storyboard */ = {
			isa = PBXVariantGroup;
			children = (
				868A3F082177E39B00FF1F56 /* Base */,
			);
			name = Main.storyboard;
			sourceTree = "<group>";
		};
		868A3F0C2177E39C00FF1F56 /* LaunchScreen.storyboard */ = {
			isa = PBXVariantGroup;
			children = (
				868A3F0D2177E39C00FF1F56 /* Base */,
			);
			name = LaunchScreen.storyboard;
			sourceTree = "<group>";
		};
/* End PBXVariantGroup section */

/* Begin XCBuildConfiguration section */
		868A3F102177E39C00FF1F56 /* Debug */ = {
			isa = XCBuildConfiguration;
			buildSettings = {
				ALWAYS_SEARCH_USER_PATHS = NO;
				CLANG_ANALYZER_NONNULL = YES;
				CLANG_ANALYZER_NUMBER_OBJECT_CONVERSION = YES_AGGRESSIVE;
				CLANG_CXX_LANGUAGE_STANDARD = "gnu++14";
				CLANG_CXX_LIBRARY = "libc++";
				CLANG_ENABLE_MODULES = YES;
				CLANG_ENABLE_OBJC_ARC = YES;
				CLANG_ENABLE_OBJC_WEAK = YES;
				CLANG_WARN_BLOCK_CAPTURE_AUTORELEASING = YES;
				CLANG_WARN_BOOL_CONVERSION = YES;
				CLANG_WARN_COMMA = YES;
				CLANG_WARN_CONSTANT_CONVERSION = YES;
				CLANG_WARN_DEPRECATED_OBJC_IMPLEMENTATIONS = YES;
				CLANG_WARN_DIRECT_OBJC_ISA_USAGE = YES_ERROR;
				CLANG_WARN_DOCUMENTATION_COMMENTS = YES;
				CLANG_WARN_EMPTY_BODY = YES;
				CLANG_WARN_ENUM_CONVERSION = YES;
				CLANG_WARN_INFINITE_RECURSION = YES;
				CLANG_WARN_INT_CONVERSION = YES;
				CLANG_WARN_NON_LITERAL_NULL_CONVERSION = YES;
				CLANG_WARN_OBJC_IMPLICIT_RETAIN_SELF = YES;
				CLANG_WARN_OBJC_LITERAL_CONVERSION = YES;
				CLANG_WARN_OBJC_ROOT_CLASS = YES_ERROR;
				CLANG_WARN_RANGE_LOOP_ANALYSIS = YES;
				CLANG_WARN_STRICT_PROTOTYPES = YES;
				CLANG_WARN_SUSPICIOUS_MOVE = YES;
				CLANG_WARN_UNGUARDED_AVAILABILITY = YES_AGGRESSIVE;
				CLANG_WARN_UNREACHABLE_CODE = YES;
				CLANG_WARN__DUPLICATE_METHOD_MATCH = YES;
				CODE_SIGN_IDENTITY = "iPhone Developer";
				COPY_PHASE_STRIP = NO;
				DEBUG_INFORMATION_FORMAT = dwarf;
				ENABLE_STRICT_OBJC_MSGSEND = YES;
				ENABLE_TESTABILITY = YES;
				GCC_C_LANGUAGE_STANDARD = gnu11;
				GCC_DYNAMIC_NO_PIC = NO;
				GCC_NO_COMMON_BLOCKS = YES;
				GCC_OPTIMIZATION_LEVEL = 0;
				GCC_PREPROCESSOR_DEFINITIONS = (
					"DEBUG=1",
					"$(inherited)",
				);
				GCC_WARN_64_TO_32_BIT_CONVERSION = YES;
				GCC_WARN_ABOUT_RETURN_TYPE = YES_ERROR;
				GCC_WARN_UNDECLARED_SELECTOR = YES;
				GCC_WARN_UNINITIALIZED_AUTOS = YES_AGGRESSIVE;
				GCC_WARN_UNUSED_FUNCTION = YES;
				GCC_WARN_UNUSED_VARIABLE = YES;
				IPHONEOS_DEPLOYMENT_TARGET = 12.0;
				MTL_ENABLE_DEBUG_INFO = INCLUDE_SOURCE;
				MTL_FAST_MATH = YES;
				ONLY_ACTIVE_ARCH = YES;
				SDKROOT = iphoneos;
				SWIFT_ACTIVE_COMPILATION_CONDITIONS = DEBUG;
				SWIFT_OPTIMIZATION_LEVEL = "-Onone";
			};
			name = Debug;
		};
		868A3F112177E39C00FF1F56 /* Release */ = {
			isa = XCBuildConfiguration;
			buildSettings = {
				ALWAYS_SEARCH_USER_PATHS = NO;
				CLANG_ANALYZER_NONNULL = YES;
				CLANG_ANALYZER_NUMBER_OBJECT_CONVERSION = YES_AGGRESSIVE;
				CLANG_CXX_LANGUAGE_STANDARD = "gnu++14";
				CLANG_CXX_LIBRARY = "libc++";
				CLANG_ENABLE_MODULES = YES;
				CLANG_ENABLE_OBJC_ARC = YES;
				CLANG_ENABLE_OBJC_WEAK = YES;
				CLANG_WARN_BLOCK_CAPTURE_AUTORELEASING = YES;
				CLANG_WARN_BOOL_CONVERSION = YES;
				CLANG_WARN_COMMA = YES;
				CLANG_WARN_CONSTANT_CONVERSION = YES;
				CLANG_WARN_DEPRECATED_OBJC_IMPLEMENTATIONS = YES;
				CLANG_WARN_DIRECT_OBJC_ISA_USAGE = YES_ERROR;
				CLANG_WARN_DOCUMENTATION_COMMENTS = YES;
				CLANG_WARN_EMPTY_BODY = YES;
				CLANG_WARN_ENUM_CONVERSION = YES;
				CLANG_WARN_INFINITE_RECURSION = YES;
				CLANG_WARN_INT_CONVERSION = YES;
				CLANG_WARN_NON_LITERAL_NULL_CONVERSION = YES;
				CLANG_WARN_OBJC_IMPLICIT_RETAIN_SELF = YES;
				CLANG_WARN_OBJC_LITERAL_CONVERSION = YES;
				CLANG_WARN_OBJC_ROOT_CLASS = YES_ERROR;
				CLANG_WARN_RANGE_LOOP_ANALYSIS = YES;
				CLANG_WARN_STRICT_PROTOTYPES = YES;
				CLANG_WARN_SUSPICIOUS_MOVE = YES;
				CLANG_WARN_UNGUARDED_AVAILABILITY = YES_AGGRESSIVE;
				CLANG_WARN_UNREACHABLE_CODE = YES;
				CLANG_WARN__DUPLICATE_METHOD_MATCH = YES;
				CODE_SIGN_IDENTITY = "iPhone Developer";
				COPY_PHASE_STRIP = NO;
				DEBUG_INFORMATION_FORMAT = "dwarf-with-dsym";
				ENABLE_NS_ASSERTIONS = NO;
				ENABLE_STRICT_OBJC_MSGSEND = YES;
				GCC_C_LANGUAGE_STANDARD = gnu11;
				GCC_NO_COMMON_BLOCKS = YES;
				GCC_WARN_64_TO_32_BIT_CONVERSION = YES;
				GCC_WARN_ABOUT_RETURN_TYPE = YES_ERROR;
				GCC_WARN_UNDECLARED_SELECTOR = YES;
				GCC_WARN_UNINITIALIZED_AUTOS = YES_AGGRESSIVE;
				GCC_WARN_UNUSED_FUNCTION = YES;
				GCC_WARN_UNUSED_VARIABLE = YES;
				IPHONEOS_DEPLOYMENT_TARGET = 12.0;
				MTL_ENABLE_DEBUG_INFO = NO;
				MTL_FAST_MATH = YES;
				SDKROOT = iphoneos;
				SWIFT_COMPILATION_MODE = wholemodule;
				SWIFT_OPTIMIZATION_LEVEL = "-O";
				VALIDATE_PRODUCT = YES;
			};
			name = Release;
		};
		868A3F132177E39C00FF1F56 /* Debug */ = {
			isa = XCBuildConfiguration;
			buildSettings = {
				ASSETCATALOG_COMPILER_APPICON_NAME = AppIcon;
				CODE_SIGN_STYLE = Automatic;
				DEVELOPMENT_TEAM = 3944Z3MH4H;
				INFOPLIST_FILE = MemeMe/Resources/Info.plist;
				LD_RUNPATH_SEARCH_PATHS = (
					"$(inherited)",
					"@executable_path/Frameworks",
				);
				PRODUCT_BUNDLE_IDENTIFIER = "com.hadialbinsaad.meme-me";
				PRODUCT_NAME = "$(TARGET_NAME)";
				SWIFT_VERSION = 5.0;
				TARGETED_DEVICE_FAMILY = "1,2";
			};
			name = Debug;
		};
		868A3F142177E39C00FF1F56 /* Release */ = {
			isa = XCBuildConfiguration;
			buildSettings = {
				ASSETCATALOG_COMPILER_APPICON_NAME = AppIcon;
				CODE_SIGN_STYLE = Automatic;
				DEVELOPMENT_TEAM = 3944Z3MH4H;
				INFOPLIST_FILE = MemeMe/Resources/Info.plist;
				LD_RUNPATH_SEARCH_PATHS = (
					"$(inherited)",
					"@executable_path/Frameworks",
				);
				PRODUCT_BUNDLE_IDENTIFIER = "com.hadialbinsaad.meme-me";
				PRODUCT_NAME = "$(TARGET_NAME)";
				SWIFT_VERSION = 5.0;
				TARGETED_DEVICE_FAMILY = "1,2";
			};
			name = Release;
		};
/* End XCBuildConfiguration section */

/* Begin XCConfigurationList section */
		868A3EFB2177E39B00FF1F56 /* Build configuration list for PBXProject "MemeMe" */ = {
			isa = XCConfigurationList;
			buildConfigurations = (
				868A3F102177E39C00FF1F56 /* Debug */,
				868A3F112177E39C00FF1F56 /* Release */,
			);
			defaultConfigurationIsVisible = 0;
			defaultConfigurationName = Release;
		};
		868A3F122177E39C00FF1F56 /* Build configuration list for PBXNativeTarget "MemeMe" */ = {
			isa = XCConfigurationList;
			buildConfigurations = (
				868A3F132177E39C00FF1F56 /* Debug */,
				868A3F142177E39C00FF1F56 /* Release */,
			);
			defaultConfigurationIsVisible = 0;
			defaultConfigurationName = Release;
		};
/* End XCConfigurationList section */
	};
	rootObject = 868A3EF82177E39B00FF1F56 /* Project object */;
}
